
Microsoft Visual Studio Solution File, Format Version 12.00
# Visual Studio Version 17
VisualStudioVersion = 17.9.34728.123
MinimumVisualStudioVersion = 10.0.40219.1
Project("{FAE04EC0-301F-11D3-BF4B-00C04F79EFBC}") = "randomNumberGuess", "rastgeleSayiTahmini\randomNumberGuess.csproj", "{300EBF5D-38BB-4BF1-9DA7-A74288F19E73}"
EndProject
Global
	GlobalSection(SolutionConfigurationPlatforms) = preSolution
		Debug|Any CPU = Debug|Any CPU
		Release|Any CPU = Release|Any CPU
	EndGlobalSection
	GlobalSection(ProjectConfigurationPlatforms) = postSolution
		{300EBF5D-38BB-4BF1-9DA7-A74288F19E73}.Debug|Any CPU.ActiveCfg = Debug|Any CPU
		{300EBF5D-38BB-4BF1-9DA7-A74288F19E73}.Debug|Any CPU.Build.0 = Debug|Any CPU
		{300EBF5D-38BB-4BF1-9DA7-A74288F19E73}.Release|Any CPU.ActiveCfg = Release|Any CPU
		{300EBF5D-38BB-4BF1-9DA7-A74288F19E73}.Release|Any CPU.Build.0 = Release|Any CPU
	EndGlobalSection
	GlobalSection(SolutionProperties) = preSolution
		HideSolutionNode = FALSE
	EndGlobalSection
	GlobalSection(ExtensibilityGlobals) = postSolution
		SolutionGuid = {1CAB5D09-A8BC-4A4F-8014-26D08163F742}
	EndGlobalSection
EndGlobal
